
Microsoft Visual Studio Solution File, Format Version 12.00
# Visual Studio Version 17
VisualStudioVersion = 17.4.33020.496
MinimumVisualStudioVersion = 10.0.40219.1
Project("{8BC9CEB8-8B4A-11D0-8D11-00A0C91BC942}") = "lab6.3(recursion)", "lab6.3(recursion).vcxproj", "{D344BF55-8366-48CB-BA3C-933C2CE44D68}"
EndProject
Project("{8BC9CEB8-8B4A-11D0-8D11-00A0C91BC942}") = "UnitTest1", "UnitTest1\UnitTest1.vcxproj", "{F0A8742E-7FA0-4D8D-B4CF-058BEA799D6F}"
EndProject
Global
	GlobalSection(SolutionConfigurationPlatforms) = preSolution
		Debug|x64 = Debug|x64
		Debug|x86 = Debug|x86
		Release|x64 = Release|x64
		Release|x86 = Release|x86
	EndGlobalSection
	GlobalSection(ProjectConfigurationPlatforms) = postSolution
		{D344BF55-8366-48CB-BA3C-933C2CE44D68}.Debug|x64.ActiveCfg = Debug|x64
		{D344BF55-8366-48CB-BA3C-933C2CE44D68}.Debug|x64.Build.0 = Debug|x64
		{D344BF55-8366-48CB-BA3C-933C2CE44D68}.Debug|x86.ActiveCfg = Debug|Win32
		{D344BF55-8366-48CB-BA3C-933C2CE44D68}.Debug|x86.Build.0 = Debug|Win32
		{D344BF55-8366-48CB-BA3C-933C2CE44D68}.Release|x64.ActiveCfg = Release|x64
		{D344BF55-8366-48CB-BA3C-933C2CE44D68}.Release|x64.Build.0 = Release|x64
		{D344BF55-8366-48CB-BA3C-933C2CE44D68}.Release|x86.ActiveCfg = Release|Win32
		{D344BF55-8366-48CB-BA3C-933C2CE44D68}.Release|x86.Build.0 = Release|Win32
		{F0A8742E-7FA0-4D8D-B4CF-058BEA799D6F}.Debug|x64.ActiveCfg = Debug|x64
		{F0A8742E-7FA0-4D8D-B4CF-058BEA799D6F}.Debug|x64.Build.0 = Debug|x64
		{F0A8742E-7FA0-4D8D-B4CF-058BEA799D6F}.Debug|x86.ActiveCfg = Debug|Win32
		{F0A8742E-7FA0-4D8D-B4CF-058BEA799D6F}.Debug|x86.Build.0 = Debug|Win32
		{F0A8742E-7FA0-4D8D-B4CF-058BEA799D6F}.Release|x64.ActiveCfg = Release|x64
		{F0A8742E-7FA0-4D8D-B4CF-058BEA799D6F}.Release|x64.Build.0 = Release|x64
		{F0A8742E-7FA0-4D8D-B4CF-058BEA799D6F}.Release|x86.ActiveCfg = Release|Win32
		{F0A8742E-7FA0-4D8D-B4CF-058BEA799D6F}.Release|x86.Build.0 = Release|Win32
	EndGlobalSection
	GlobalSection(SolutionProperties) = preSolution
		HideSolutionNode = FALSE
	EndGlobalSection
	GlobalSection(ExtensibilityGlobals) = postSolution
		SolutionGuid = {1E8449EF-CE93-4C53-B589-936ACE7320AC}
	EndGlobalSection
EndGlobal
